
Microsoft Visual Studio Solution File, Format Version 12.00
# Visual Studio 15
Project("{FAE04EC0-301F-11D3-BF4B-00C04F79EFBC}") = "Assembly-CSharp", "Assembly-CSharp.csproj", "{F8768EA6-F81B-302B-E998-539685D79EDF}"
EndProject
Project("{FAE04EC0-301F-11D3-BF4B-00C04F79EFBC}") = "LeanCommon", "LeanCommon.csproj", "{2356C72F-BF76-3D04-0B96-EA890981D9C7}"
EndProject
Project("{FAE04EC0-301F-11D3-BF4B-00C04F79EFBC}") = "LeanTouch", "LeanTouch.csproj", "{D76E5552-6EB6-9A9B-F5A3-9E15E7E9160A}"
EndProject
Global
	GlobalSection(SolutionConfigurationPlatforms) = preSolution
		Debug|Any CPU = Debug|Any CPU
		Release|Any CPU = Release|Any CPU
	EndGlobalSection
	GlobalSection(ProjectConfigurationPlatforms) = postSolution
		{F8768EA6-F81B-302B-E998-539685D79EDF}.Debug|Any CPU.ActiveCfg = Debug|Any CPU
		{F8768EA6-F81B-302B-E998-539685D79EDF}.Debug|Any CPU.Build.0 = Debug|Any CPU
		{F8768EA6-F81B-302B-E998-539685D79EDF}.Release|Any CPU.ActiveCfg = Release|Any CPU
		{F8768EA6-F81B-302B-E998-539685D79EDF}.Release|Any CPU.Build.0 = Release|Any CPU
		{2356C72F-BF76-3D04-0B96-EA890981D9C7}.Debug|Any CPU.ActiveCfg = Debug|Any CPU
		{2356C72F-BF76-3D04-0B96-EA890981D9C7}.Debug|Any CPU.Build.0 = Debug|Any CPU
		{2356C72F-BF76-3D04-0B96-EA890981D9C7}.Release|Any CPU.ActiveCfg = Release|Any CPU
		{2356C72F-BF76-3D04-0B96-EA890981D9C7}.Release|Any CPU.Build.0 = Release|Any CPU
		{D76E5552-6EB6-9A9B-F5A3-9E15E7E9160A}.Debug|Any CPU.ActiveCfg = Debug|Any CPU
		{D76E5552-6EB6-9A9B-F5A3-9E15E7E9160A}.Debug|Any CPU.Build.0 = Debug|Any CPU
		{D76E5552-6EB6-9A9B-F5A3-9E15E7E9160A}.Release|Any CPU.ActiveCfg = Release|Any CPU
		{D76E5552-6EB6-9A9B-F5A3-9E15E7E9160A}.Release|Any CPU.Build.0 = Release|Any CPU
	EndGlobalSection
	GlobalSection(SolutionProperties) = preSolution
		HideSolutionNode = FALSE
	EndGlobalSection
EndGlobal
